
Microsoft Visual Studio Solution File, Format Version 12.00
# Visual Studio Version 17
VisualStudioVersion = 17.7.34024.191
MinimumVisualStudioVersion = 10.0.40219.1
Project("{FAE04EC0-301F-11D3-BF4B-00C04F79EFBC}") = "Application", "Application\Application.csproj", "{EAC8CB5C-FF82-4E06-8373-361E53E40320}"
EndProject
Project("{FAE04EC0-301F-11D3-BF4B-00C04F79EFBC}") = "Domain", "Domain\Domain.csproj", "{842EF8F1-FAA9-4BE9-B25A-D66ABA2B3DB2}"
EndProject
Project("{9A19103F-16F7-4668-BE54-9A1E7A4F7556}") = "API", "API\API.csproj", "{4E14A73E-293F-4873-9F24-580178F53DDA}"
EndProject
Project("{9A19103F-16F7-4668-BE54-9A1E7A4F7556}") = "Infrastructure", "Infrastructure\Infrastructure.csproj", "{2578AD84-0A15-43B1-B631-6DE43072911B}"
EndProject
Project("{9A19103F-16F7-4668-BE54-9A1E7A4F7556}") = "ThunderWings.Tests", "..\ThunderWings.Tests\ThunderWings.Tests.csproj", "{CA7C1722-2385-44F7-9F16-A306974B6464}"
EndProject
Global
	GlobalSection(SolutionConfigurationPlatforms) = preSolution
		Debug|Any CPU = Debug|Any CPU
		Release|Any CPU = Release|Any CPU
	EndGlobalSection
	GlobalSection(ProjectConfigurationPlatforms) = postSolution
		{EAC8CB5C-FF82-4E06-8373-361E53E40320}.Debug|Any CPU.ActiveCfg = Debug|Any CPU
		{EAC8CB5C-FF82-4E06-8373-361E53E40320}.Debug|Any CPU.Build.0 = Debug|Any CPU
		{EAC8CB5C-FF82-4E06-8373-361E53E40320}.Release|Any CPU.ActiveCfg = Release|Any CPU
		{EAC8CB5C-FF82-4E06-8373-361E53E40320}.Release|Any CPU.Build.0 = Release|Any CPU
		{842EF8F1-FAA9-4BE9-B25A-D66ABA2B3DB2}.Debug|Any CPU.ActiveCfg = Debug|Any CPU
		{842EF8F1-FAA9-4BE9-B25A-D66ABA2B3DB2}.Debug|Any CPU.Build.0 = Debug|Any CPU
		{842EF8F1-FAA9-4BE9-B25A-D66ABA2B3DB2}.Release|Any CPU.ActiveCfg = Release|Any CPU
		{842EF8F1-FAA9-4BE9-B25A-D66ABA2B3DB2}.Release|Any CPU.Build.0 = Release|Any CPU
		{4E14A73E-293F-4873-9F24-580178F53DDA}.Debug|Any CPU.ActiveCfg = Debug|Any CPU
		{4E14A73E-293F-4873-9F24-580178F53DDA}.Debug|Any CPU.Build.0 = Debug|Any CPU
		{4E14A73E-293F-4873-9F24-580178F53DDA}.Release|Any CPU.ActiveCfg = Release|Any CPU
		{4E14A73E-293F-4873-9F24-580178F53DDA}.Release|Any CPU.Build.0 = Release|Any CPU
		{2578AD84-0A15-43B1-B631-6DE43072911B}.Debug|Any CPU.ActiveCfg = Debug|Any CPU
		{2578AD84-0A15-43B1-B631-6DE43072911B}.Debug|Any CPU.Build.0 = Debug|Any CPU
		{2578AD84-0A15-43B1-B631-6DE43072911B}.Release|Any CPU.ActiveCfg = Release|Any CPU
		{2578AD84-0A15-43B1-B631-6DE43072911B}.Release|Any CPU.Build.0 = Release|Any CPU
		{CA7C1722-2385-44F7-9F16-A306974B6464}.Debug|Any CPU.ActiveCfg = Debug|Any CPU
		{CA7C1722-2385-44F7-9F16-A306974B6464}.Debug|Any CPU.Build.0 = Debug|Any CPU
		{CA7C1722-2385-44F7-9F16-A306974B6464}.Release|Any CPU.ActiveCfg = Release|Any CPU
		{CA7C1722-2385-44F7-9F16-A306974B6464}.Release|Any CPU.Build.0 = Release|Any CPU
	EndGlobalSection
	GlobalSection(SolutionProperties) = preSolution
		HideSolutionNode = FALSE
	EndGlobalSection
	GlobalSection(ExtensibilityGlobals) = postSolution
		SolutionGuid = {14371966-57B1-4762-B3D8-0924B6E8E2FF}
	EndGlobalSection
EndGlobal
